
Microsoft Visual Studio Solution File, Format Version 12.00
# Visual Studio Version 16
VisualStudioVersion = 25.0.1706.9
MinimumVisualStudioVersion = 10.0.40219.1
Project("{FAE04EC0-301F-11D3-BF4B-00C04F79EFBC}") = "Inventario.Android", "Inventario\Inventario.Android\Inventario.Android.csproj", "{BCE31A48-589C-4BA9-8441-47EF0CE0B3AD}"
EndProject
Project("{FAE04EC0-301F-11D3-BF4B-00C04F79EFBC}") = "Inventario.iOS", "Inventario\Inventario.iOS\Inventario.iOS.csproj", "{343126E2-8F55-450C-B42C-69D19CB3DB72}"
EndProject
Project("{FAE04EC0-301F-11D3-BF4B-00C04F79EFBC}") = "Inventario", "Inventario\Inventario\Inventario.csproj", "{D6F1C1E9-96FF-4D7F-B2EC-8B1FFBC1C6B7}"
EndProject
Global
	GlobalSection(SolutionConfigurationPlatforms) = preSolution
		Debug|Any CPU = Debug|Any CPU
		Release|Any CPU = Release|Any CPU
		Debug|iPhoneSimulator = Debug|iPhoneSimulator
		Release|iPhoneSimulator = Release|iPhoneSimulator
		Debug|iPhone = Debug|iPhone
		Release|iPhone = Release|iPhone
	EndGlobalSection
	GlobalSection(ProjectConfigurationPlatforms) = postSolution
		{BCE31A48-589C-4BA9-8441-47EF0CE0B3AD}.Debug|Any CPU.ActiveCfg = Debug|Any CPU
		{BCE31A48-589C-4BA9-8441-47EF0CE0B3AD}.Debug|Any CPU.Build.0 = Debug|Any CPU
		{BCE31A48-589C-4BA9-8441-47EF0CE0B3AD}.Release|Any CPU.ActiveCfg = Release|Any CPU
		{BCE31A48-589C-4BA9-8441-47EF0CE0B3AD}.Release|Any CPU.Build.0 = Release|Any CPU
		{BCE31A48-589C-4BA9-8441-47EF0CE0B3AD}.Debug|iPhoneSimulator.ActiveCfg = Debug|Any CPU
		{BCE31A48-589C-4BA9-8441-47EF0CE0B3AD}.Debug|iPhoneSimulator.Build.0 = Debug|Any CPU
		{BCE31A48-589C-4BA9-8441-47EF0CE0B3AD}.Release|iPhoneSimulator.ActiveCfg = Release|Any CPU
		{BCE31A48-589C-4BA9-8441-47EF0CE0B3AD}.Release|iPhoneSimulator.Build.0 = Release|Any CPU
		{BCE31A48-589C-4BA9-8441-47EF0CE0B3AD}.Debug|iPhone.ActiveCfg = Debug|Any CPU
		{BCE31A48-589C-4BA9-8441-47EF0CE0B3AD}.Debug|iPhone.Build.0 = Debug|Any CPU
		{BCE31A48-589C-4BA9-8441-47EF0CE0B3AD}.Release|iPhone.ActiveCfg = Release|Any CPU
		{BCE31A48-589C-4BA9-8441-47EF0CE0B3AD}.Release|iPhone.Build.0 = Release|Any CPU
		{343126E2-8F55-450C-B42C-69D19CB3DB72}.Debug|Any CPU.ActiveCfg = Debug|iPhoneSimulator
		{343126E2-8F55-450C-B42C-69D19CB3DB72}.Debug|Any CPU.Build.0 = Debug|iPhoneSimulator
		{343126E2-8F55-450C-B42C-69D19CB3DB72}.Release|Any CPU.ActiveCfg = Release|iPhoneSimulator
		{343126E2-8F55-450C-B42C-69D19CB3DB72}.Release|Any CPU.Build.0 = Release|iPhoneSimulator
		{343126E2-8F55-450C-B42C-69D19CB3DB72}.Debug|iPhoneSimulator.ActiveCfg = Debug|iPhoneSimulator
		{343126E2-8F55-450C-B42C-69D19CB3DB72}.Debug|iPhoneSimulator.Build.0 = Debug|iPhoneSimulator
		{343126E2-8F55-450C-B42C-69D19CB3DB72}.Release|iPhoneSimulator.ActiveCfg = Release|iPhoneSimulator
		{343126E2-8F55-450C-B42C-69D19CB3DB72}.Release|iPhoneSimulator.Build.0 = Release|iPhoneSimulator
		{343126E2-8F55-450C-B42C-69D19CB3DB72}.Debug|iPhone.ActiveCfg = Debug|iPhone
		{343126E2-8F55-450C-B42C-69D19CB3DB72}.Debug|iPhone.Build.0 = Debug|iPhone
		{343126E2-8F55-450C-B42C-69D19CB3DB72}.Release|iPhone.ActiveCfg = Release|iPhone
		{343126E2-8F55-450C-B42C-69D19CB3DB72}.Release|iPhone.Build.0 = Release|iPhone
		{D6F1C1E9-96FF-4D7F-B2EC-8B1FFBC1C6B7}.Debug|Any CPU.ActiveCfg = Debug|Any CPU
		{D6F1C1E9-96FF-4D7F-B2EC-8B1FFBC1C6B7}.Debug|Any CPU.Build.0 = Debug|Any CPU
		{D6F1C1E9-96FF-4D7F-B2EC-8B1FFBC1C6B7}.Release|Any CPU.ActiveCfg = Release|Any CPU
		{D6F1C1E9-96FF-4D7F-B2EC-8B1FFBC1C6B7}.Release|Any CPU.Build.0 = Release|Any CPU
		{D6F1C1E9-96FF-4D7F-B2EC-8B1FFBC1C6B7}.Debug|iPhoneSimulator.ActiveCfg = Debug|Any CPU
		{D6F1C1E9-96FF-4D7F-B2EC-8B1FFBC1C6B7}.Debug|iPhoneSimulator.Build.0 = Debug|Any CPU
		{D6F1C1E9-96FF-4D7F-B2EC-8B1FFBC1C6B7}.Release|iPhoneSimulator.ActiveCfg = Release|Any CPU
		{D6F1C1E9-96FF-4D7F-B2EC-8B1FFBC1C6B7}.Release|iPhoneSimulator.Build.0 = Release|Any CPU
		{D6F1C1E9-96FF-4D7F-B2EC-8B1FFBC1C6B7}.Debug|iPhone.ActiveCfg = Debug|Any CPU
		{D6F1C1E9-96FF-4D7F-B2EC-8B1FFBC1C6B7}.Debug|iPhone.Build.0 = Debug|Any CPU
		{D6F1C1E9-96FF-4D7F-B2EC-8B1FFBC1C6B7}.Release|iPhone.ActiveCfg = Release|Any CPU
		{D6F1C1E9-96FF-4D7F-B2EC-8B1FFBC1C6B7}.Release|iPhone.Build.0 = Release|Any CPU
	EndGlobalSection
	GlobalSection(SolutionProperties) = preSolution
		HideSolutionNode = FALSE
	EndGlobalSection
	GlobalSection(ExtensibilityGlobals) = postSolution
		SolutionGuid = {84A38491-7886-4720-9448-F03D7C69C63B}
	EndGlobalSection
EndGlobal
